
Microsoft Visual Studio Solution File, Format Version 12.00
# Visual Studio Version 17
VisualStudioVersion = 17.14.36518.9
MinimumVisualStudioVersion = 10.0.40219.1
Project("{11A8DD76-328B-46DF-9F39-F559912D0360}") = "HudProject.LedStripController", "HudProject.LedStripController.nfproj", "{7B18D548-422D-4A83-83E1-8DF304AC81A0}"
EndProject
Project("{11A8DD76-328B-46DF-9F39-F559912D0360}") = "Axtox.IoT.Devices.Emitters", "..\NFClassLibrary1\Axtox.IoT.Devices.Emitters.nfproj", "{79AB86DB-C889-4F1A-9337-6AC394BF6779}"
EndProject
Project("{11A8DD76-328B-46DF-9F39-F559912D0360}") = "Axtox.IoT.Common", "..\Axtox.IoT.Common\Axtox.IoT.Common.nfproj", "{50CC6F78-ED10-4A46-B42A-386DC05330ED}"
EndProject
Global
	GlobalSection(SolutionConfigurationPlatforms) = preSolution
		Debug|Any CPU = Debug|Any CPU
		Release|Any CPU = Release|Any CPU
	EndGlobalSection
	GlobalSection(ProjectConfigurationPlatforms) = postSolution
		{7B18D548-422D-4A83-83E1-8DF304AC81A0}.Debug|Any CPU.ActiveCfg = Debug|Any CPU
		{7B18D548-422D-4A83-83E1-8DF304AC81A0}.Debug|Any CPU.Build.0 = Debug|Any CPU
		{7B18D548-422D-4A83-83E1-8DF304AC81A0}.Debug|Any CPU.Deploy.0 = Debug|Any CPU
		{7B18D548-422D-4A83-83E1-8DF304AC81A0}.Release|Any CPU.ActiveCfg = Release|Any CPU
		{7B18D548-422D-4A83-83E1-8DF304AC81A0}.Release|Any CPU.Build.0 = Release|Any CPU
		{7B18D548-422D-4A83-83E1-8DF304AC81A0}.Release|Any CPU.Deploy.0 = Release|Any CPU
		{79AB86DB-C889-4F1A-9337-6AC394BF6779}.Debug|Any CPU.ActiveCfg = Debug|Any CPU
		{79AB86DB-C889-4F1A-9337-6AC394BF6779}.Debug|Any CPU.Build.0 = Debug|Any CPU
		{79AB86DB-C889-4F1A-9337-6AC394BF6779}.Debug|Any CPU.Deploy.0 = Debug|Any CPU
		{79AB86DB-C889-4F1A-9337-6AC394BF6779}.Release|Any CPU.ActiveCfg = Release|Any CPU
		{79AB86DB-C889-4F1A-9337-6AC394BF6779}.Release|Any CPU.Build.0 = Release|Any CPU
		{79AB86DB-C889-4F1A-9337-6AC394BF6779}.Release|Any CPU.Deploy.0 = Release|Any CPU
		{50CC6F78-ED10-4A46-B42A-386DC05330ED}.Debug|Any CPU.ActiveCfg = Debug|Any CPU
		{50CC6F78-ED10-4A46-B42A-386DC05330ED}.Debug|Any CPU.Build.0 = Debug|Any CPU
		{50CC6F78-ED10-4A46-B42A-386DC05330ED}.Debug|Any CPU.Deploy.0 = Debug|Any CPU
		{50CC6F78-ED10-4A46-B42A-386DC05330ED}.Release|Any CPU.ActiveCfg = Release|Any CPU
		{50CC6F78-ED10-4A46-B42A-386DC05330ED}.Release|Any CPU.Build.0 = Release|Any CPU
		{50CC6F78-ED10-4A46-B42A-386DC05330ED}.Release|Any CPU.Deploy.0 = Release|Any CPU
	EndGlobalSection
	GlobalSection(SolutionProperties) = preSolution
		HideSolutionNode = FALSE
	EndGlobalSection
	GlobalSection(ExtensibilityGlobals) = postSolution
		SolutionGuid = {89B9365B-E82D-4FA7-8D07-5C8385F138FA}
	EndGlobalSection
EndGlobal
